// !$*UTF8*$!
{
	archiveVersion = 1;
	classes = {
	};
	objectVersion = 50;
	objects = {

/* Begin PBXFileReference section */
		F2B80DAF26273CB000DFAECB /* main.swift */ = {isa = PBXFileReference; lastKnownFileType = sourcecode.swift; path = main.swift; sourceTree = "<group>"; };
/* End PBXFileReference section */

/* Begin PBXGroup section */
		F2B80DA826273C5300DFAECB = {
			isa = PBXGroup;
			children = (
				F2B80DAF26273CB000DFAECB /* main.swift */,
			);
			sourceTree = "<group>";
		};
/* End PBXGroup section */

/* Begin PBXProject section */
		F2B80DA926273C5300DFAECB /* Project object */ = {
			isa = PBXProject;
			attributes = {
				LastUpgradeCheck = 1240;
			};
			buildConfigurationList = F2B80DAC26273C5300DFAECB /* Build configuration list for PBXProject "SwiftDemo2" */;
			compatibilityVersion = "Xcode 9.3";
			developmentRegion = en;
			hasScannedForEncodings = 0;
			knownRegions = (
				en,
				Base,
			);
			mainGroup = F2B80DA826273C5300DFAECB;
			projectDirPath = "";
			projectRoot = "";
			targets = (
			);
		};
/* End PBXProject section */

/* Begin XCBuildConfiguration section */
		F2B80DAD26273C5300DFAECB /* Debug */ = {
			isa = XCBuildConfiguration;
			buildSettings = {
			};
			name = Debug;
		};
		F2B80DAE26273C5300DFAECB /* Release */ = {
			isa = XCBuildConfiguration;
			buildSettings = {
			};
			name = Release;
		};
/* End XCBuildConfiguration section */

/* Begin XCConfigurationList section */
		F2B80DAC26273C5300DFAECB /* Build configuration list for PBXProject "SwiftDemo2" */ = {
			isa = XCConfigurationList;
			buildConfigurations = (
				F2B80DAD26273C5300DFAECB /* Debug */,
				F2B80DAE26273C5300DFAECB /* Release */,
			);
			defaultConfigurationIsVisible = 0;
			defaultConfigurationName = Release;
		};
/* End XCConfigurationList section */
	};
	rootObject = F2B80DA926273C5300DFAECB /* Project object */;
}
